
Microsoft Visual Studio Solution File, Format Version 12.00
# Visual Studio Version 16
VisualStudioVersion = 16.0.30225.117
MinimumVisualStudioVersion = 10.0.40219.1
Project("{FAE04EC0-301F-11D3-BF4B-00C04F79EFBC}") = "getting-started-structurizr", "getting-started-structurizr.csproj", "{F5FB8806-824C-4CB5-A58B-1F025FBF5699}"
EndProject
Global
	GlobalSection(SolutionConfigurationPlatforms) = preSolution
		Debug|Any CPU = Debug|Any CPU
		Release|Any CPU = Release|Any CPU
	EndGlobalSection
	GlobalSection(ProjectConfigurationPlatforms) = postSolution
		{F5FB8806-824C-4CB5-A58B-1F025FBF5699}.Debug|Any CPU.ActiveCfg = Debug|Any CPU
		{F5FB8806-824C-4CB5-A58B-1F025FBF5699}.Debug|Any CPU.Build.0 = Debug|Any CPU
		{F5FB8806-824C-4CB5-A58B-1F025FBF5699}.Release|Any CPU.ActiveCfg = Release|Any CPU
		{F5FB8806-824C-4CB5-A58B-1F025FBF5699}.Release|Any CPU.Build.0 = Release|Any CPU
	EndGlobalSection
	GlobalSection(SolutionProperties) = preSolution
		HideSolutionNode = FALSE
	EndGlobalSection
	GlobalSection(ExtensibilityGlobals) = postSolution
		SolutionGuid = {AE9DD89C-4DE1-4126-8B5A-D8503FA2261F}
	EndGlobalSection
EndGlobal
